
Microsoft Visual Studio Solution File, Format Version 12.00
# Visual Studio Version 16
VisualStudioVersion = 16.0.31829.152
MinimumVisualStudioVersion = 10.0.40219.1
Project("{F184B08F-C81C-45F6-A57F-5ABD9991F28F}") = "AutoPoint", "AutoPoint.vbproj", "{BB52A231-BB54-4E4A-AA9E-F7C8E30EE54D}"
EndProject
Global
	GlobalSection(SolutionConfigurationPlatforms) = preSolution
		Debug|Any CPU = Debug|Any CPU
		Release|Any CPU = Release|Any CPU
	EndGlobalSection
	GlobalSection(ProjectConfigurationPlatforms) = postSolution
		{BB52A231-BB54-4E4A-AA9E-F7C8E30EE54D}.Debug|Any CPU.ActiveCfg = Debug|Any CPU
		{BB52A231-BB54-4E4A-AA9E-F7C8E30EE54D}.Debug|Any CPU.Build.0 = Debug|Any CPU
		{BB52A231-BB54-4E4A-AA9E-F7C8E30EE54D}.Release|Any CPU.ActiveCfg = Release|Any CPU
		{BB52A231-BB54-4E4A-AA9E-F7C8E30EE54D}.Release|Any CPU.Build.0 = Release|Any CPU
	EndGlobalSection
	GlobalSection(SolutionProperties) = preSolution
		HideSolutionNode = FALSE
	EndGlobalSection
	GlobalSection(ExtensibilityGlobals) = postSolution
		SolutionGuid = {B6DABF07-EF5C-442B-A569-B35725E6883F}
	EndGlobalSection
EndGlobal
